
Microsoft Visual Studio Solution File, Format Version 12.00
# Visual Studio Version 17
VisualStudioVersion = 17.2.32602.215
MinimumVisualStudioVersion = 10.0.40219.1
Project("{FAE04EC0-301F-11D3-BF4B-00C04F79EFBC}") = "Vidly", "Vidly.csproj", "{9FFED6B9-C3A8-43C3-B21A-0E4C4B67557E}"
EndProject
Global
	GlobalSection(SolutionConfigurationPlatforms) = preSolution
		Debug|Any CPU = Debug|Any CPU
		Release|Any CPU = Release|Any CPU
	EndGlobalSection
	GlobalSection(ProjectConfigurationPlatforms) = postSolution
		{9FFED6B9-C3A8-43C3-B21A-0E4C4B67557E}.Debug|Any CPU.ActiveCfg = Debug|Any CPU
		{9FFED6B9-C3A8-43C3-B21A-0E4C4B67557E}.Debug|Any CPU.Build.0 = Debug|Any CPU
		{9FFED6B9-C3A8-43C3-B21A-0E4C4B67557E}.Release|Any CPU.ActiveCfg = Release|Any CPU
		{9FFED6B9-C3A8-43C3-B21A-0E4C4B67557E}.Release|Any CPU.Build.0 = Release|Any CPU
	EndGlobalSection
	GlobalSection(SolutionProperties) = preSolution
		HideSolutionNode = FALSE
	EndGlobalSection
	GlobalSection(ExtensibilityGlobals) = postSolution
		SolutionGuid = {B45AF513-C485-485E-A887-CB8D39A3AE82}
	EndGlobalSection
EndGlobal
